
Microsoft Visual Studio Solution File, Format Version 12.00
# Visual Studio Version 16
VisualStudioVersion = 16.0.29411.108
MinimumVisualStudioVersion = 10.0.40219.1
Project("{9A19103F-16F7-4668-BE54-9A1E7A4F7556}") = "EpicorEdi", "EpicorEdi\EpicorEdi.csproj", "{95A8390E-6851-4EC5-9438-B9B6CF2D7CB7}"
EndProject
Project("{9A19103F-16F7-4668-BE54-9A1E7A4F7556}") = "EpicorEdi.Test", "EpicorEdi.Test\EpicorEdi.Test.csproj", "{8866D8E7-6204-4C87-A768-9B755C28A302}"
EndProject
Global
	GlobalSection(SolutionConfigurationPlatforms) = preSolution
		Debug|Any CPU = Debug|Any CPU
		Release|Any CPU = Release|Any CPU
	EndGlobalSection
	GlobalSection(ProjectConfigurationPlatforms) = postSolution
		{95A8390E-6851-4EC5-9438-B9B6CF2D7CB7}.Debug|Any CPU.ActiveCfg = Debug|Any CPU
		{95A8390E-6851-4EC5-9438-B9B6CF2D7CB7}.Debug|Any CPU.Build.0 = Debug|Any CPU
		{95A8390E-6851-4EC5-9438-B9B6CF2D7CB7}.Release|Any CPU.ActiveCfg = Release|Any CPU
		{95A8390E-6851-4EC5-9438-B9B6CF2D7CB7}.Release|Any CPU.Build.0 = Release|Any CPU
		{8866D8E7-6204-4C87-A768-9B755C28A302}.Debug|Any CPU.ActiveCfg = Debug|Any CPU
		{8866D8E7-6204-4C87-A768-9B755C28A302}.Debug|Any CPU.Build.0 = Debug|Any CPU
		{8866D8E7-6204-4C87-A768-9B755C28A302}.Release|Any CPU.ActiveCfg = Release|Any CPU
		{8866D8E7-6204-4C87-A768-9B755C28A302}.Release|Any CPU.Build.0 = Release|Any CPU
	EndGlobalSection
	GlobalSection(SolutionProperties) = preSolution
		HideSolutionNode = FALSE
	EndGlobalSection
	GlobalSection(ExtensibilityGlobals) = postSolution
		SolutionGuid = {4A0AEC36-E968-4C8F-859E-B6DE2DE3D7BC}
	EndGlobalSection
EndGlobal
